
Microsoft Visual Studio Solution File, Format Version 12.00
# Visual Studio Version 17
VisualStudioVersion = 17.7.34221.43
MinimumVisualStudioVersion = 10.0.40219.1
Project("{9A19103F-16F7-4668-BE54-9A1E7A4F7556}") = "Appointments", "Appointments.csproj", "{49195B33-A874-4034-B6E3-4273FD978880}"
EndProject
Global
	GlobalSection(SolutionConfigurationPlatforms) = preSolution
		Debug|Any CPU = Debug|Any CPU
		Release|Any CPU = Release|Any CPU
	EndGlobalSection
	GlobalSection(ProjectConfigurationPlatforms) = postSolution
		{49195B33-A874-4034-B6E3-4273FD978880}.Debug|Any CPU.ActiveCfg = Debug|Any CPU
		{49195B33-A874-4034-B6E3-4273FD978880}.Debug|Any CPU.Build.0 = Debug|Any CPU
		{49195B33-A874-4034-B6E3-4273FD978880}.Release|Any CPU.ActiveCfg = Release|Any CPU
		{49195B33-A874-4034-B6E3-4273FD978880}.Release|Any CPU.Build.0 = Release|Any CPU
	EndGlobalSection
	GlobalSection(SolutionProperties) = preSolution
		HideSolutionNode = FALSE
	EndGlobalSection
	GlobalSection(ExtensibilityGlobals) = postSolution
		SolutionGuid = {7CB78729-AAB0-43E6-8B15-D5BD89A53222}
	EndGlobalSection
EndGlobal
